{
  "name": "sanskrit_web_app",
  "version": "1.0.0",
  "lockfileVersion": 1,
  "requires": true,
  "dependencies": {
    "@sanskrit-coders/sanscript": {
      "version": "1.1.0",
      "resolved": "https://registry.npmjs.org/@sanskrit-coders/sanscript/-/sanscript-1.1.0.tgz",
      "integrity": "sha512-LZZ3vU44wODwQL4cRvKkNQVmnpNvKZ2BNCyhF/cLaxfWu9FciAcjk+ClwHf/6lStKHu/v+Bmm1XVGlrNrXdzkQ=="
    }
  }
}
